// !$*UTF8*$!
{
	archiveVersion = 1;
	classes = {
	};
	objectVersion = 48;
	objects = {

/* Begin PBXBuildFile section */
		3065D47E20552E2E0057EA94 /* TravellerUser.swift in Sources */ = {isa = PBXBuildFile; fileRef = 3065D47D20552E2E0057EA94 /* TravellerUser.swift */; };
		30EC2C5F2006198D0065FA2A /* Position.swift in Sources */ = {isa = PBXBuildFile; fileRef = 30EC2C5D2006198D0065FA2A /* Position.swift */; };
		3659E85020624DA100E116FB /* AudioRecorderViewController.swift in Sources */ = {isa = PBXBuildFile; fileRef = 3659E84F20624DA100E116FB /* AudioRecorderViewController.swift */; };
		3659E8522062537600E116FB /* AudioRecrdingTest.storyboard in Resources */ = {isa = PBXBuildFile; fileRef = 3659E8512062537600E116FB /* AudioRecrdingTest.storyboard */; };
		712520F4E5C1DFF345A5A51E /* Pods_TravellerTests.framework in Frameworks */ = {isa = PBXBuildFile; fileRef = 1AA97DE9A470DE1A3499C90B /* Pods_TravellerTests.framework */; };
		8457BDA6208B730500ED24B5 /* AllTripsTableViewCell.swift in Sources */ = {isa = PBXBuildFile; fileRef = 8457BDA5208B730500ED24B5 /* AllTripsTableViewCell.swift */; };
		845BC0812097AF70001D80D9 /* ErrorAlerts.swift in Sources */ = {isa = PBXBuildFile; fileRef = 845BC0802097AF70001D80D9 /* ErrorAlerts.swift */; };
		8498ED602058344200728827 /* CoreLocation.framework in Frameworks */ = {isa = PBXBuildFile; fileRef = 8498ED5F2058344200728827 /* CoreLocation.framework */; };
		8498ED63205834C300728827 /* MapVC.swift in Sources */ = {isa = PBXBuildFile; fileRef = 8498ED62205834C300728827 /* MapVC.swift */; };
		849BD54C202263A800EBC02D /* TourGuideUI.storyboard in Resources */ = {isa = PBXBuildFile; fileRef = 849BD54B202263A800EBC02D /* TourGuideUI.storyboard */; };
		849BD54F20226D8800EBC02D /* Assets.xcassets in Resources */ = {isa = PBXBuildFile; fileRef = 849BD54E20226D8800EBC02D /* Assets.xcassets */; };
		84AC8CB61FFE23A800AB9BF9 /* AppDelegate.swift in Sources */ = {isa = PBXBuildFile; fileRef = 84AC8CB51FFE23A800AB9BF9 /* AppDelegate.swift */; };
		84AC8CC01FFE23A800AB9BF9 /* LaunchScreen.storyboard in Resources */ = {isa = PBXBuildFile; fileRef = 84AC8CBE1FFE23A800AB9BF9 /* LaunchScreen.storyboard */; };
		84AC8CCB1FFE23A800AB9BF9 /* TravellerTests.swift in Sources */ = {isa = PBXBuildFile; fileRef = 84AC8CCA1FFE23A800AB9BF9 /* TravellerTests.swift */; };
		84AC8CD61FFE23A800AB9BF9 /* TravellerUITests.swift in Sources */ = {isa = PBXBuildFile; fileRef = 84AC8CD51FFE23A800AB9BF9 /* TravellerUITests.swift */; };
		84B336522078E66F00A236E1 /* MyTripsTableViewController.swift in Sources */ = {isa = PBXBuildFile; fileRef = 84B336512078E66F00A236E1 /* MyTripsTableViewController.swift */; };
		84B336542078ED1F00A236E1 /* AllTripsTableViewController.swift in Sources */ = {isa = PBXBuildFile; fileRef = 84B336532078ED1F00A236E1 /* AllTripsTableViewController.swift */; };
		84BC9B52208519DD0012AFC8 /* MapViewController.swift in Sources */ = {isa = PBXBuildFile; fileRef = 84BC9B4F208519DC0012AFC8 /* MapViewController.swift */; };
		84BC9B53208519DD0012AFC8 /* MyMapView.swift in Sources */ = {isa = PBXBuildFile; fileRef = 84BC9B50208519DC0012AFC8 /* MyMapView.swift */; };
		84BC9B54208519DD0012AFC8 /* TripsTableViewCell.swift in Sources */ = {isa = PBXBuildFile; fileRef = 84BC9B51208519DD0012AFC8 /* TripsTableViewCell.swift */; };
		84BC9B5720851A380012AFC8 /* TripModel.swift in Sources */ = {isa = PBXBuildFile; fileRef = 84BC9B5520851A370012AFC8 /* TripModel.swift */; };
		84BC9B5820851A380012AFC8 /* FirebaseModel.swift in Sources */ = {isa = PBXBuildFile; fileRef = 84BC9B5620851A380012AFC8 /* FirebaseModel.swift */; };
		84BC9B5C20851DC70012AFC8 /* Algo.swift in Sources */ = {isa = PBXBuildFile; fileRef = 84BC9B5A20851DC60012AFC8 /* Algo.swift */; };
		84BC9B5D20851DC70012AFC8 /* MinimumDistanceCalculator.swift in Sources */ = {isa = PBXBuildFile; fileRef = 84BC9B5B20851DC60012AFC8 /* MinimumDistanceCalculator.swift */; };
		84BC9B5F208539F70012AFC8 /* MapAlerts.swift in Sources */ = {isa = PBXBuildFile; fileRef = 84BC9B5E208539F60012AFC8 /* MapAlerts.swift */; };
		84BC9B6020853DBC0012AFC8 /* TravellerUserModel.swift in Sources */ = {isa = PBXBuildFile; fileRef = B0387A28207FC4FA00B83A53 /* TravellerUserModel.swift */; };
		84CB9075207770D500D15EC9 /* MainVC.swift in Sources */ = {isa = PBXBuildFile; fileRef = 84CB9072207770D400D15EC9 /* MainVC.swift */; };
		84CB9076207770D500D15EC9 /* SideMenuVC.swift in Sources */ = {isa = PBXBuildFile; fileRef = 84CB9073207770D400D15EC9 /* SideMenuVC.swift */; };
		84CB9077207770D500D15EC9 /* ContainerVC.swift in Sources */ = {isa = PBXBuildFile; fileRef = 84CB9074207770D500D15EC9 /* ContainerVC.swift */; };
		84CB9079207785BF00D15EC9 /* Trip.swift in Sources */ = {isa = PBXBuildFile; fileRef = 84CB9078207785BF00D15EC9 /* Trip.swift */; };
		84CB907B2077904400D15EC9 /* CreateTripViewController.swift in Sources */ = {isa = PBXBuildFile; fileRef = 84CB907A2077904400D15EC9 /* CreateTripViewController.swift */; };
		84F85C7A2067A9E4003E6652 /* WelcomeViewController.swift in Sources */ = {isa = PBXBuildFile; fileRef = 84F85C792067A9E4003E6652 /* WelcomeViewController.swift */; };
		84F85C7C2067B2EB003E6652 /* SignupViewController.swift in Sources */ = {isa = PBXBuildFile; fileRef = 84F85C7B2067B2EB003E6652 /* SignupViewController.swift */; };
		84F85C7E2067B829003E6652 /* LoginViewController.swift in Sources */ = {isa = PBXBuildFile; fileRef = 84F85C7D2067B829003E6652 /* LoginViewController.swift */; };
		AC05FBD120962A6C00DDFCA5 /* UserViewController.swift in Sources */ = {isa = PBXBuildFile; fileRef = AC05FBD020962A6C00DDFCA5 /* UserViewController.swift */; };
		AC20B6422096043A004CF5B6 /* UsersListTableViewCell.swift in Sources */ = {isa = PBXBuildFile; fileRef = AC20B6412096043A004CF5B6 /* UsersListTableViewCell.swift */; };
		AC20B6442096049A004CF5B6 /* UsersListTableViewController.swift in Sources */ = {isa = PBXBuildFile; fileRef = AC20B6432096049A004CF5B6 /* UsersListTableViewController.swift */; };
		AC21717E200E33280047BBF8 /* Auth.storyboard in Resources */ = {isa = PBXBuildFile; fileRef = AC21717D200E33280047BBF8 /* Auth.storyboard */; };
		AC6CF6FB2055517D0095C0B5 /* Group.swift in Sources */ = {isa = PBXBuildFile; fileRef = AC6CF6FA2055517D0095C0B5 /* Group.swift */; };
		B02DFF1920926B79007631F0 /* ViewController.swift in Sources */ = {isa = PBXBuildFile; fileRef = B02DFF1820926B79007631F0 /* ViewController.swift */; };
		B02DFF1B2092815C007631F0 /* GuideTabBarController.swift in Sources */ = {isa = PBXBuildFile; fileRef = B02DFF1A2092815C007631F0 /* GuideTabBarController.swift */; };
		B0387A2A207FC4FA00B83A53 /* FirebaseUserAuth.swift in Sources */ = {isa = PBXBuildFile; fileRef = B0387A27207FC4FA00B83A53 /* FirebaseUserAuth.swift */; };
		B0387A2C207FC4FA00B83A53 /* AuthManager.swift in Sources */ = {isa = PBXBuildFile; fileRef = B0387A29207FC4FA00B83A53 /* AuthManager.swift */; };
		B0387A2F207FC5A200B83A53 /* Logger.swift in Sources */ = {isa = PBXBuildFile; fileRef = B0387A2E207FC5A200B83A53 /* Logger.swift */; };
		B0387A32207FC6D100B83A53 /* NotificationModel.swift in Sources */ = {isa = PBXBuildFile; fileRef = B0387A31207FC6D100B83A53 /* NotificationModel.swift */; };
		B0387A37207FCFE500B83A53 /* ImageFirebaseStorage.swift in Sources */ = {isa = PBXBuildFile; fileRef = B0387A36207FCFE500B83A53 /* ImageFirebaseStorage.swift */; };
		B0387A3B207FE63F00B83A53 /* Home.storyboard in Resources */ = {isa = PBXBuildFile; fileRef = B0387A3A207FE63F00B83A53 /* Home.storyboard */; };
		B03883DC20869CF800D1F3F8 /* SendPacketBuilder.swift in Sources */ = {isa = PBXBuildFile; fileRef = B03883DA20869CF800D1F3F8 /* SendPacketBuilder.swift */; };
		B03883DD20869CF800D1F3F8 /* TSocket.swift in Sources */ = {isa = PBXBuildFile; fileRef = B03883DB20869CF800D1F3F8 /* TSocket.swift */; };
		B03CC707209DCBC2008F3FF0 /* Popups.storyboard in Resources */ = {isa = PBXBuildFile; fileRef = B03CC706209DCBC2008F3FF0 /* Popups.storyboard */; };
		B03CC70A209DCE54008F3FF0 /* ErrorPopupViewController.swift in Sources */ = {isa = PBXBuildFile; fileRef = B03CC709209DCE54008F3FF0 /* ErrorPopupViewController.swift */; };
		B03CC70C209DE1F8008F3FF0 /* NavigationBar+Style.swift in Sources */ = {isa = PBXBuildFile; fileRef = B03CC70B209DE1F8008F3FF0 /* NavigationBar+Style.swift */; };
		B05EF98C208BB9BF000997FC /* RTMap.swift in Sources */ = {isa = PBXBuildFile; fileRef = B05EF98B208BB9BF000997FC /* RTMap.swift */; };
		B05EF98F208BB9F0000997FC /* RTMap.xib in Resources */ = {isa = PBXBuildFile; fileRef = B05EF98E208BB9F0000997FC /* RTMap.xib */; };
		B05EF992208BBB23000997FC /* NibLoader.swift in Sources */ = {isa = PBXBuildFile; fileRef = B05EF991208BBB23000997FC /* NibLoader.swift */; };
		B05EF994208BC4DC000997FC /* DefaultUser.swift in Sources */ = {isa = PBXBuildFile; fileRef = B05EF993208BC4DC000997FC /* DefaultUser.swift */; };
		B05EF996208BC9CC000997FC /* Alerts.swift in Sources */ = {isa = PBXBuildFile; fileRef = B05EF995208BC9CC000997FC /* Alerts.swift */; };
		B05EF99A208BD23F000997FC /* SearchTestViewController.swift in Sources */ = {isa = PBXBuildFile; fileRef = B05EF999208BD23F000997FC /* SearchTestViewController.swift */; };
		B097B050208B55F000911BF9 /* GoogleService-Info.plist in Resources */ = {isa = PBXBuildFile; fileRef = B097B04F208B55EF00911BF9 /* GoogleService-Info.plist */; };
		B0A3681F209348F700A4571C /* MapAnnotationHolder.swift in Sources */ = {isa = PBXBuildFile; fileRef = B0A3681E209348F700A4571C /* MapAnnotationHolder.swift */; };
		B0A36821209349EC00A4571C /* UserType.swift in Sources */ = {isa = PBXBuildFile; fileRef = B0A36820209349EC00A4571C /* UserType.swift */; };
		B0C0C7DC20908C6B007A8C1F /* TDButton.swift in Sources */ = {isa = PBXBuildFile; fileRef = B0C0C7DB20908C6B007A8C1F /* TDButton.swift */; };
		B0DAFB43209BA17000E1ED04 /* FieldValidation.swift in Sources */ = {isa = PBXBuildFile; fileRef = B0387A38207FD84300B83A53 /* FieldValidation.swift */; };
		B0F3CD322087A0AA0056B59C /* ServerModel.swift in Sources */ = {isa = PBXBuildFile; fileRef = B0F3CD312087A0AA0056B59C /* ServerModel.swift */; };
		B0F3CD342087A19A0056B59C /* ServerConfig.swift in Sources */ = {isa = PBXBuildFile; fileRef = B0F3CD332087A19A0056B59C /* ServerConfig.swift */; };
		B0F3CD362087BF530056B59C /* ServerResponses.swift in Sources */ = {isa = PBXBuildFile; fileRef = B0F3CD352087BF530056B59C /* ServerResponses.swift */; };
		B0F3CD392087CBE00056B59C /* MessageListener.swift in Sources */ = {isa = PBXBuildFile; fileRef = B0F3CD382087CBE00056B59C /* MessageListener.swift */; };
		B0F3CD3B2087CE0B0056B59C /* CoordinateListener.swift in Sources */ = {isa = PBXBuildFile; fileRef = B0F3CD3A2087CE0B0056B59C /* CoordinateListener.swift */; };
		B0F7BC5B208133FD00DCFD3D /* FirebaseConverter.swift in Sources */ = {isa = PBXBuildFile; fileRef = B0F7BC5A208133FD00DCFD3D /* FirebaseConverter.swift */; };
		B0F7BC5D2081380200DCFD3D /* GroupModel.swift in Sources */ = {isa = PBXBuildFile; fileRef = B0F7BC5C2081380200DCFD3D /* GroupModel.swift */; };
		C10D72FD2068D5D1005818A5 /* SideMenu.storyboard in Resources */ = {isa = PBXBuildFile; fileRef = C10D72FC2068D5D1005818A5 /* SideMenu.storyboard */; };
		C1CD94DB200E237500164EEF /* Main.storyboard in Resources */ = {isa = PBXBuildFile; fileRef = C1CD94DA200E237500164EEF /* Main.storyboard */; };
		D39FAF663AD0B1553925EF76 /* Pods_TravellerUITests.framework in Frameworks */ = {isa = PBXBuildFile; fileRef = 36028FD5D98ED417BCDFFA58 /* Pods_TravellerUITests.framework */; };
		E09B30B01931FE5863D6897F /* Pods_Traveller.framework in Frameworks */ = {isa = PBXBuildFile; fileRef = 63B4743243C33654A82EA760 /* Pods_Traveller.framework */; };
/* End PBXBuildFile section */

/* Begin PBXContainerItemProxy section */
		84AC8CC71FFE23A800AB9BF9 /* PBXContainerItemProxy */ = {
			isa = PBXContainerItemProxy;
			containerPortal = 84AC8CAA1FFE23A800AB9BF9 /* Project object */;
			proxyType = 1;
			remoteGlobalIDString = 84AC8CB11FFE23A800AB9BF9;
			remoteInfo = Traveller;
		};
		84AC8CD21FFE23A800AB9BF9 /* PBXContainerItemProxy */ = {
			isa = PBXContainerItemProxy;
			containerPortal = 84AC8CAA1FFE23A800AB9BF9 /* Project object */;
			proxyType = 1;
			remoteGlobalIDString = 84AC8CB11FFE23A800AB9BF9;
			remoteInfo = Traveller;
		};
/* End PBXContainerItemProxy section */

/* Begin PBXFileReference section */
		027FD91F11404A1421F865CB /* Pods-TravellerTests.release.xcconfig */ = {isa = PBXFileReference; includeInIndex = 1; lastKnownFileType = text.xcconfig; name = "Pods-TravellerTests.release.xcconfig"; path = "Pods/Target Support Files/Pods-TravellerTests/Pods-TravellerTests.release.xcconfig"; sourceTree = "<group>"; };
		1AA97DE9A470DE1A3499C90B /* Pods_TravellerTests.framework */ = {isa = PBXFileReference; explicitFileType = wrapper.framework; includeInIndex = 0; path = Pods_TravellerTests.framework; sourceTree = BUILT_PRODUCTS_DIR; };
		3065D47D20552E2E0057EA94 /* TravellerUser.swift */ = {isa = PBXFileReference; lastKnownFileType = sourcecode.swift; path = TravellerUser.swift; sourceTree = "<group>"; };
		30EC2C5D2006198D0065FA2A /* Position.swift */ = {isa = PBXFileReference; fileEncoding = 4; lastKnownFileType = sourcecode.swift; name = Position.swift; path = Traveller/Model/data/Position.swift; sourceTree = SOURCE_ROOT; };
		36028FD5D98ED417BCDFFA58 /* Pods_TravellerUITests.framework */ = {isa = PBXFileReference; explicitFileType = wrapper.framework; includeInIndex = 0; path = Pods_TravellerUITests.framework; sourceTree = BUILT_PRODUCTS_DIR; };
		3659E84F20624DA100E116FB /* AudioRecorderViewController.swift */ = {isa = PBXFileReference; lastKnownFileType = sourcecode.swift; path = AudioRecorderViewController.swift; sourceTree = "<group>"; };
		3659E8512062537600E116FB /* AudioRecrdingTest.storyboard */ = {isa = PBXFileReference; lastKnownFileType = file.storyboard; path = AudioRecrdingTest.storyboard; sourceTree = "<group>"; };
		58FCB9CAB13EDB20CB716E51 /* Pods-Traveller.release.xcconfig */ = {isa = PBXFileReference; includeInIndex = 1; lastKnownFileType = text.xcconfig; name = "Pods-Traveller.release.xcconfig"; path = "Pods/Target Support Files/Pods-Traveller/Pods-Traveller.release.xcconfig"; sourceTree = "<group>"; };
		63B4743243C33654A82EA760 /* Pods_Traveller.framework */ = {isa = PBXFileReference; explicitFileType = wrapper.framework; includeInIndex = 0; path = Pods_Traveller.framework; sourceTree = BUILT_PRODUCTS_DIR; };
		8457BDA5208B730500ED24B5 /* AllTripsTableViewCell.swift */ = {isa = PBXFileReference; lastKnownFileType = sourcecode.swift; path = AllTripsTableViewCell.swift; sourceTree = "<group>"; };
		845BC0802097AF70001D80D9 /* ErrorAlerts.swift */ = {isa = PBXFileReference; lastKnownFileType = sourcecode.swift; name = ErrorAlerts.swift; path = Traveller/Model/utils/ErrorAlerts.swift; sourceTree = SOURCE_ROOT; };
		8498ED5F2058344200728827 /* CoreLocation.framework */ = {isa = PBXFileReference; lastKnownFileType = wrapper.framework; name = CoreLocation.framework; path = System/Library/Frameworks/CoreLocation.framework; sourceTree = SDKROOT; };
		8498ED62205834C300728827 /* MapVC.swift */ = {isa = PBXFileReference; lastKnownFileType = sourcecode.swift; path = MapVC.swift; sourceTree = "<group>"; };
		849BD54B202263A800EBC02D /* TourGuideUI.storyboard */ = {isa = PBXFileReference; lastKnownFileType = file.storyboard; path = TourGuideUI.storyboard; sourceTree = "<group>"; };
		849BD54E20226D8800EBC02D /* Assets.xcassets */ = {isa = PBXFileReference; lastKnownFileType = folder.assetcatalog; path = Assets.xcassets; sourceTree = "<group>"; };
		84AC8CB21FFE23A800AB9BF9 /* Traveller.app */ = {isa = PBXFileReference; explicitFileType = wrapper.application; includeInIndex = 0; path = Traveller.app; sourceTree = BUILT_PRODUCTS_DIR; };
		84AC8CB51FFE23A800AB9BF9 /* AppDelegate.swift */ = {isa = PBXFileReference; lastKnownFileType = sourcecode.swift; path = AppDelegate.swift; sourceTree = "<group>"; };
		84AC8CBF1FFE23A800AB9BF9 /* Base */ = {isa = PBXFileReference; lastKnownFileType = file.storyboard; name = Base; path = Base.lproj/LaunchScreen.storyboard; sourceTree = "<group>"; };
		84AC8CC11FFE23A800AB9BF9 /* Info.plist */ = {isa = PBXFileReference; lastKnownFileType = text.plist.xml; path = Info.plist; sourceTree = "<group>"; };
		84AC8CC61FFE23A800AB9BF9 /* TravellerTests.xctest */ = {isa = PBXFileReference; explicitFileType = wrapper.cfbundle; includeInIndex = 0; path = TravellerTests.xctest; sourceTree = BUILT_PRODUCTS_DIR; };
		84AC8CCA1FFE23A800AB9BF9 /* TravellerTests.swift */ = {isa = PBXFileReference; lastKnownFileType = sourcecode.swift; path = TravellerTests.swift; sourceTree = "<group>"; };
		84AC8CCC1FFE23A800AB9BF9 /* Info.plist */ = {isa = PBXFileReference; lastKnownFileType = text.plist.xml; path = Info.plist; sourceTree = "<group>"; };
		84AC8CD11FFE23A800AB9BF9 /* TravellerUITests.xctest */ = {isa = PBXFileReference; explicitFileType = wrapper.cfbundle; includeInIndex = 0; path = TravellerUITests.xctest; sourceTree = BUILT_PRODUCTS_DIR; };
		84AC8CD51FFE23A800AB9BF9 /* TravellerUITests.swift */ = {isa = PBXFileReference; lastKnownFileType = sourcecode.swift; path = TravellerUITests.swift; sourceTree = "<group>"; };
		84AC8CD71FFE23A800AB9BF9 /* Info.plist */ = {isa = PBXFileReference; lastKnownFileType = text.plist.xml; path = Info.plist; sourceTree = "<group>"; };
		84B336512078E66F00A236E1 /* MyTripsTableViewController.swift */ = {isa = PBXFileReference; lastKnownFileType = sourcecode.swift; path = MyTripsTableViewController.swift; sourceTree = "<group>"; };
		84B336532078ED1F00A236E1 /* AllTripsTableViewController.swift */ = {isa = PBXFileReference; lastKnownFileType = sourcecode.swift; path = AllTripsTableViewController.swift; sourceTree = "<group>"; };
		84BC9B4F208519DC0012AFC8 /* MapViewController.swift */ = {isa = PBXFileReference; fileEncoding = 4; lastKnownFileType = sourcecode.swift; path = MapViewController.swift; sourceTree = "<group>"; };
		84BC9B50208519DC0012AFC8 /* MyMapView.swift */ = {isa = PBXFileReference; fileEncoding = 4; lastKnownFileType = sourcecode.swift; path = MyMapView.swift; sourceTree = "<group>"; };
		84BC9B51208519DD0012AFC8 /* TripsTableViewCell.swift */ = {isa = PBXFileReference; fileEncoding = 4; lastKnownFileType = sourcecode.swift; path = TripsTableViewCell.swift; sourceTree = "<group>"; };
		84BC9B5520851A370012AFC8 /* TripModel.swift */ = {isa = PBXFileReference; fileEncoding = 4; lastKnownFileType = sourcecode.swift; name = TripModel.swift; path = Traveller/Model/db/TripModel.swift; sourceTree = SOURCE_ROOT; };
		84BC9B5620851A380012AFC8 /* FirebaseModel.swift */ = {isa = PBXFileReference; fileEncoding = 4; lastKnownFileType = sourcecode.swift; name = FirebaseModel.swift; path = Traveller/Model/db/FirebaseModel.swift; sourceTree = SOURCE_ROOT; };
		84BC9B5A20851DC60012AFC8 /* Algo.swift */ = {isa = PBXFileReference; fileEncoding = 4; lastKnownFileType = sourcecode.swift; path = Algo.swift; sourceTree = "<group>"; };
		84BC9B5B20851DC60012AFC8 /* MinimumDistanceCalculator.swift */ = {isa = PBXFileReference; fileEncoding = 4; lastKnownFileType = sourcecode.swift; path = MinimumDistanceCalculator.swift; sourceTree = "<group>"; };
		84BC9B5E208539F60012AFC8 /* MapAlerts.swift */ = {isa = PBXFileReference; fileEncoding = 4; lastKnownFileType = sourcecode.swift; name = MapAlerts.swift; path = Traveller/Model/utils/MapAlerts.swift; sourceTree = SOURCE_ROOT; };
		84CB9072207770D400D15EC9 /* MainVC.swift */ = {isa = PBXFileReference; fileEncoding = 4; lastKnownFileType = sourcecode.swift; path = MainVC.swift; sourceTree = "<group>"; };
		84CB9073207770D400D15EC9 /* SideMenuVC.swift */ = {isa = PBXFileReference; fileEncoding = 4; lastKnownFileType = sourcecode.swift; path = SideMenuVC.swift; sourceTree = "<group>"; };
		84CB9074207770D500D15EC9 /* ContainerVC.swift */ = {isa = PBXFileReference; fileEncoding = 4; lastKnownFileType = sourcecode.swift; path = ContainerVC.swift; sourceTree = "<group>"; };
		84CB9078207785BF00D15EC9 /* Trip.swift */ = {isa = PBXFileReference; lastKnownFileType = sourcecode.swift; path = Trip.swift; sourceTree = "<group>"; };
		84CB907A2077904400D15EC9 /* CreateTripViewController.swift */ = {isa = PBXFileReference; lastKnownFileType = sourcecode.swift; path = CreateTripViewController.swift; sourceTree = "<group>"; };
		84F85C792067A9E4003E6652 /* WelcomeViewController.swift */ = {isa = PBXFileReference; lastKnownFileType = sourcecode.swift; path = WelcomeViewController.swift; sourceTree = "<group>"; };
		84F85C7B2067B2EB003E6652 /* SignupViewController.swift */ = {isa = PBXFileReference; lastKnownFileType = sourcecode.swift; path = SignupViewController.swift; sourceTree = "<group>"; };
		84F85C7D2067B829003E6652 /* LoginViewController.swift */ = {isa = PBXFileReference; lastKnownFileType = sourcecode.swift; path = LoginViewController.swift; sourceTree = "<group>"; };
		856531A0451EBCCE8DC6E703 /* Pods-TravellerUITests.release.xcconfig */ = {isa = PBXFileReference; includeInIndex = 1; lastKnownFileType = text.xcconfig; name = "Pods-TravellerUITests.release.xcconfig"; path = "Pods/Target Support Files/Pods-TravellerUITests/Pods-TravellerUITests.release.xcconfig"; sourceTree = "<group>"; };
		890D3CA551821974E400867C /* Pods-TravellerTests.debug.xcconfig */ = {isa = PBXFileReference; includeInIndex = 1; lastKnownFileType = text.xcconfig; name = "Pods-TravellerTests.debug.xcconfig"; path = "Pods/Target Support Files/Pods-TravellerTests/Pods-TravellerTests.debug.xcconfig"; sourceTree = "<group>"; };
		AC05FBD020962A6C00DDFCA5 /* UserViewController.swift */ = {isa = PBXFileReference; lastKnownFileType = sourcecode.swift; path = UserViewController.swift; sourceTree = "<group>"; };
		AC20B6412096043A004CF5B6 /* UsersListTableViewCell.swift */ = {isa = PBXFileReference; lastKnownFileType = sourcecode.swift; path = UsersListTableViewCell.swift; sourceTree = "<group>"; };
		AC20B6432096049A004CF5B6 /* UsersListTableViewController.swift */ = {isa = PBXFileReference; lastKnownFileType = sourcecode.swift; path = UsersListTableViewController.swift; sourceTree = "<group>"; };
		AC21717D200E33280047BBF8 /* Auth.storyboard */ = {isa = PBXFileReference; lastKnownFileType = file.storyboard; path = Auth.storyboard; sourceTree = "<group>"; };
		AC6CF6FA2055517D0095C0B5 /* Group.swift */ = {isa = PBXFileReference; lastKnownFileType = sourcecode.swift; path = Group.swift; sourceTree = "<group>"; };
		AF51120EF5002DC2299BFC5C /* Pods-TravellerUITests.debug.xcconfig */ = {isa = PBXFileReference; includeInIndex = 1; lastKnownFileType = text.xcconfig; name = "Pods-TravellerUITests.debug.xcconfig"; path = "Pods/Target Support Files/Pods-TravellerUITests/Pods-TravellerUITests.debug.xcconfig"; sourceTree = "<group>"; };
		B02DFF1820926B79007631F0 /* ViewController.swift */ = {isa = PBXFileReference; lastKnownFileType = sourcecode.swift; path = ViewController.swift; sourceTree = "<group>"; };
		B02DFF1A2092815C007631F0 /* GuideTabBarController.swift */ = {isa = PBXFileReference; lastKnownFileType = sourcecode.swift; path = GuideTabBarController.swift; sourceTree = "<group>"; };
		B0387A27207FC4FA00B83A53 /* FirebaseUserAuth.swift */ = {isa = PBXFileReference; fileEncoding = 4; lastKnownFileType = sourcecode.swift; name = FirebaseUserAuth.swift; path = "Traveller/model/auth\\/FirebaseUserAuth.swift"; sourceTree = SOURCE_ROOT; };
		B0387A28207FC4FA00B83A53 /* TravellerUserModel.swift */ = {isa = PBXFileReference; fileEncoding = 4; lastKnownFileType = sourcecode.swift; name = TravellerUserModel.swift; path = Traveller/model/db/TravellerUserModel.swift; sourceTree = SOURCE_ROOT; };
		B0387A29207FC4FA00B83A53 /* AuthManager.swift */ = {isa = PBXFileReference; fileEncoding = 4; lastKnownFileType = sourcecode.swift; name = AuthManager.swift; path = "Traveller/model/auth\\/AuthManager.swift"; sourceTree = SOURCE_ROOT; };
		B0387A2E207FC5A200B83A53 /* Logger.swift */ = {isa = PBXFileReference; lastKnownFileType = sourcecode.swift; path = Logger.swift; sourceTree = "<group>"; };
		B0387A31207FC6D100B83A53 /* NotificationModel.swift */ = {isa = PBXFileReference; lastKnownFileType = sourcecode.swift; path = NotificationModel.swift; sourceTree = "<group>"; };
		B0387A36207FCFE500B83A53 /* ImageFirebaseStorage.swift */ = {isa = PBXFileReference; lastKnownFileType = sourcecode.swift; path = ImageFirebaseStorage.swift; sourceTree = "<group>"; };
		B0387A38207FD84300B83A53 /* FieldValidation.swift */ = {isa = PBXFileReference; lastKnownFileType = sourcecode.swift; path = FieldValidation.swift; sourceTree = "<group>"; };
		B0387A3A207FE63F00B83A53 /* Home.storyboard */ = {isa = PBXFileReference; lastKnownFileType = file.storyboard; path = Home.storyboard; sourceTree = "<group>"; };
		B03883DA20869CF800D1F3F8 /* SendPacketBuilder.swift */ = {isa = PBXFileReference; fileEncoding = 4; lastKnownFileType = sourcecode.swift; path = SendPacketBuilder.swift; sourceTree = "<group>"; };
		B03883DB20869CF800D1F3F8 /* TSocket.swift */ = {isa = PBXFileReference; fileEncoding = 4; lastKnownFileType = sourcecode.swift; path = TSocket.swift; sourceTree = "<group>"; };
		B03CC706209DCBC2008F3FF0 /* Popups.storyboard */ = {isa = PBXFileReference; lastKnownFileType = file.storyboard; path = Popups.storyboard; sourceTree = "<group>"; };
		B03CC709209DCE54008F3FF0 /* ErrorPopupViewController.swift */ = {isa = PBXFileReference; lastKnownFileType = sourcecode.swift; path = ErrorPopupViewController.swift; sourceTree = "<group>"; };
		B03CC70B209DE1F8008F3FF0 /* NavigationBar+Style.swift */ = {isa = PBXFileReference; lastKnownFileType = sourcecode.swift; path = "NavigationBar+Style.swift"; sourceTree = "<group>"; };
		B05EF98B208BB9BF000997FC /* RTMap.swift */ = {isa = PBXFileReference; lastKnownFileType = sourcecode.swift; path = RTMap.swift; sourceTree = "<group>"; };
		B05EF98E208BB9F0000997FC /* RTMap.xib */ = {isa = PBXFileReference; lastKnownFileType = file.xib; path = RTMap.xib; sourceTree = "<group>"; };
		B05EF991208BBB23000997FC /* NibLoader.swift */ = {isa = PBXFileReference; lastKnownFileType = sourcecode.swift; path = NibLoader.swift; sourceTree = "<group>"; };
		B05EF993208BC4DC000997FC /* DefaultUser.swift */ = {isa = PBXFileReference; lastKnownFileType = sourcecode.swift; path = DefaultUser.swift; sourceTree = "<group>"; };
		B05EF995208BC9CC000997FC /* Alerts.swift */ = {isa = PBXFileReference; lastKnownFileType = sourcecode.swift; path = Alerts.swift; sourceTree = "<group>"; };
		B05EF999208BD23F000997FC /* SearchTestViewController.swift */ = {isa = PBXFileReference; lastKnownFileType = sourcecode.swift; path = SearchTestViewController.swift; sourceTree = "<group>"; };
		B097B04F208B55EF00911BF9 /* GoogleService-Info.plist */ = {isa = PBXFileReference; fileEncoding = 4; lastKnownFileType = text.plist.xml; path = "GoogleService-Info.plist"; sourceTree = "<group>"; };
		B0A3681E209348F700A4571C /* MapAnnotationHolder.swift */ = {isa = PBXFileReference; lastKnownFileType = sourcecode.swift; path = MapAnnotationHolder.swift; sourceTree = "<group>"; };
		B0A36820209349EC00A4571C /* UserType.swift */ = {isa = PBXFileReference; lastKnownFileType = sourcecode.swift; path = UserType.swift; sourceTree = "<group>"; };
		B0C0C7DB20908C6B007A8C1F /* TDButton.swift */ = {isa = PBXFileReference; lastKnownFileType = sourcecode.swift; path = TDButton.swift; sourceTree = "<group>"; };
		B0F3CD312087A0AA0056B59C /* ServerModel.swift */ = {isa = PBXFileReference; lastKnownFileType = sourcecode.swift; path = ServerModel.swift; sourceTree = "<group>"; };
		B0F3CD332087A19A0056B59C /* ServerConfig.swift */ = {isa = PBXFileReference; lastKnownFileType = sourcecode.swift; path = ServerConfig.swift; sourceTree = "<group>"; };
		B0F3CD352087BF530056B59C /* ServerResponses.swift */ = {isa = PBXFileReference; lastKnownFileType = sourcecode.swift; path = ServerResponses.swift; sourceTree = "<group>"; };
		B0F3CD382087CBE00056B59C /* MessageListener.swift */ = {isa = PBXFileReference; lastKnownFileType = sourcecode.swift; path = MessageListener.swift; sourceTree = "<group>"; };
		B0F3CD3A2087CE0B0056B59C /* CoordinateListener.swift */ = {isa = PBXFileReference; lastKnownFileType = sourcecode.swift; path = CoordinateListener.swift; sourceTree = "<group>"; };
		B0F7BC5A208133FD00DCFD3D /* FirebaseConverter.swift */ = {isa = PBXFileReference; lastKnownFileType = sourcecode.swift; path = FirebaseConverter.swift; sourceTree = "<group>"; };
		B0F7BC5C2081380200DCFD3D /* GroupModel.swift */ = {isa = PBXFileReference; lastKnownFileType = sourcecode.swift; path = GroupModel.swift; sourceTree = "<group>"; };
		C10D72FC2068D5D1005818A5 /* SideMenu.storyboard */ = {isa = PBXFileReference; lastKnownFileType = file.storyboard; path = SideMenu.storyboard; sourceTree = "<group>"; };
		C1CD94DA200E237500164EEF /* Main.storyboard */ = {isa = PBXFileReference; fileEncoding = 4; lastKnownFileType = file.storyboard; path = Main.storyboard; sourceTree = "<group>"; };
		C382E509764CF5FF340F7980 /* Pods-Traveller.debug.xcconfig */ = {isa = PBXFileReference; includeInIndex = 1; lastKnownFileType = text.xcconfig; name = "Pods-Traveller.debug.xcconfig"; path = "Pods/Target Support Files/Pods-Traveller/Pods-Traveller.debug.xcconfig"; sourceTree = "<group>"; };
/* End PBXFileReference section */

/* Begin PBXFrameworksBuildPhase section */
		84AC8CAF1FFE23A800AB9BF9 /* Frameworks */ = {
			isa = PBXFrameworksBuildPhase;
			buildActionMask = 2147483647;
			files = (
				8498ED602058344200728827 /* CoreLocation.framework in Frameworks */,
				E09B30B01931FE5863D6897F /* Pods_Traveller.framework in Frameworks */,
			);
			runOnlyForDeploymentPostprocessing = 0;
		};
		84AC8CC31FFE23A800AB9BF9 /* Frameworks */ = {
			isa = PBXFrameworksBuildPhase;
			buildActionMask = 2147483647;
			files = (
				712520F4E5C1DFF345A5A51E /* Pods_TravellerTests.framework in Frameworks */,
			);
			runOnlyForDeploymentPostprocessing = 0;
		};
		84AC8CCE1FFE23A800AB9BF9 /* Frameworks */ = {
			isa = PBXFrameworksBuildPhase;
			buildActionMask = 2147483647;
			files = (
				D39FAF663AD0B1553925EF76 /* Pods_TravellerUITests.framework in Frameworks */,
			);
			runOnlyForDeploymentPostprocessing = 0;
		};
/* End PBXFrameworksBuildPhase section */

/* Begin PBXGroup section */
		085DADC82F7879FCE9022834 /* Frameworks */ = {
			isa = PBXGroup;
			children = (
				8498ED5F2058344200728827 /* CoreLocation.framework */,
				63B4743243C33654A82EA760 /* Pods_Traveller.framework */,
				1AA97DE9A470DE1A3499C90B /* Pods_TravellerTests.framework */,
				36028FD5D98ED417BCDFFA58 /* Pods_TravellerUITests.framework */,
			);
			name = Frameworks;
			sourceTree = "<group>";
		};
		309FD34C2055203500447472 /* model */ = {
			isa = PBXGroup;
			children = (
				B03883D920869CE300D1F3F8 /* network */,
				B0387A35207FCFD000B83A53 /* db */,
				B0387A30207FC5E200B83A53 /* auth */,
				B0387A2D207FC59200B83A53 /* utils */,
				845EC3F02058396000075E49 /* data */,
			);
			path = model;
			sourceTree = "<group>";
		};
		845EC3F02058396000075E49 /* data */ = {
			isa = PBXGroup;
			children = (
				84BC9B5920851DC60012AFC8 /* alg */,
				3065D47D20552E2E0057EA94 /* TravellerUser.swift */,
				AC6CF6FA2055517D0095C0B5 /* Group.swift */,
				30EC2C5D2006198D0065FA2A /* Position.swift */,
				84CB9078207785BF00D15EC9 /* Trip.swift */,
				B0A36820209349EC00A4571C /* UserType.swift */,
			);
			path = data;
			sourceTree = "<group>";
		};
		84AC8CA91FFE23A800AB9BF9 = {
			isa = PBXGroup;
			children = (
				84AC8CB41FFE23A800AB9BF9 /* Traveller */,
				84AC8CC91FFE23A800AB9BF9 /* TravellerTests */,
				84AC8CD41FFE23A800AB9BF9 /* TravellerUITests */,
				84AC8CB31FFE23A800AB9BF9 /* Products */,
				93374568E66DF246A6BD68C0 /* Pods */,
				085DADC82F7879FCE9022834 /* Frameworks */,
			);
			sourceTree = "<group>";
		};
		84AC8CB31FFE23A800AB9BF9 /* Products */ = {
			isa = PBXGroup;
			children = (
				84AC8CB21FFE23A800AB9BF9 /* Traveller.app */,
				84AC8CC61FFE23A800AB9BF9 /* TravellerTests.xctest */,
				84AC8CD11FFE23A800AB9BF9 /* TravellerUITests.xctest */,
			);
			name = Products;
			sourceTree = "<group>";
		};
		84AC8CB41FFE23A800AB9BF9 /* Traveller */ = {
			isa = PBXGroup;
			children = (
				B0C0C7D720908BCF007A8C1F /* views */,
				B05EF990208BBB07000997FC /* extensions */,
				B0387A3C207FE78500B83A53 /* viewControllers */,
				84F85C7820679CC0003E6652 /* Storyboards */,
				309FD34C2055203500447472 /* model */,
				84AC8CC11FFE23A800AB9BF9 /* Info.plist */,
				84AC8CB51FFE23A800AB9BF9 /* AppDelegate.swift */,
				849BD54E20226D8800EBC02D /* Assets.xcassets */,
				B097B04F208B55EF00911BF9 /* GoogleService-Info.plist */,
			);
			path = Traveller;
			sourceTree = "<group>";
		};
		84AC8CC91FFE23A800AB9BF9 /* TravellerTests */ = {
			isa = PBXGroup;
			children = (
				84AC8CCA1FFE23A800AB9BF9 /* TravellerTests.swift */,
				84AC8CCC1FFE23A800AB9BF9 /* Info.plist */,
			);
			path = TravellerTests;
			sourceTree = "<group>";
		};
		84AC8CD41FFE23A800AB9BF9 /* TravellerUITests */ = {
			isa = PBXGroup;
			children = (
				84AC8CD51FFE23A800AB9BF9 /* TravellerUITests.swift */,
				84AC8CD71FFE23A800AB9BF9 /* Info.plist */,
			);
			path = TravellerUITests;
			sourceTree = "<group>";
		};
		84BC9B5920851DC60012AFC8 /* alg */ = {
			isa = PBXGroup;
			children = (
				84BC9B5A20851DC60012AFC8 /* Algo.swift */,
				84BC9B5B20851DC60012AFC8 /* MinimumDistanceCalculator.swift */,
			);
			name = alg;
			path = Traveller/model/data/alg;
			sourceTree = SOURCE_ROOT;
		};
		84F85C7820679CC0003E6652 /* Storyboards */ = {
			isa = PBXGroup;
			children = (
				B05EF98D208BB9C8000997FC /* nibs */,
				84AC8CBE1FFE23A800AB9BF9 /* LaunchScreen.storyboard */,
				AC21717D200E33280047BBF8 /* Auth.storyboard */,
				B0387A3A207FE63F00B83A53 /* Home.storyboard */,
				849BD54B202263A800EBC02D /* TourGuideUI.storyboard */,
				3659E8512062537600E116FB /* AudioRecrdingTest.storyboard */,
				C10D72FC2068D5D1005818A5 /* SideMenu.storyboard */,
				C1CD94DA200E237500164EEF /* Main.storyboard */,
				B03CC706209DCBC2008F3FF0 /* Popups.storyboard */,
			);
			path = Storyboards;
			sourceTree = "<group>";
		};
		93374568E66DF246A6BD68C0 /* Pods */ = {
			isa = PBXGroup;
			children = (
				C382E509764CF5FF340F7980 /* Pods-Traveller.debug.xcconfig */,
				58FCB9CAB13EDB20CB716E51 /* Pods-Traveller.release.xcconfig */,
				890D3CA551821974E400867C /* Pods-TravellerTests.debug.xcconfig */,
				027FD91F11404A1421F865CB /* Pods-TravellerTests.release.xcconfig */,
				AF51120EF5002DC2299BFC5C /* Pods-TravellerUITests.debug.xcconfig */,
				856531A0451EBCCE8DC6E703 /* Pods-TravellerUITests.release.xcconfig */,
			);
			name = Pods;
			sourceTree = "<group>";
		};
		B00C7988209B949900763A55 /* Create */ = {
			isa = PBXGroup;
			children = (
				84CB907A2077904400D15EC9 /* CreateTripViewController.swift */,
				84BC9B50208519DC0012AFC8 /* MyMapView.swift */,
				B05EF999208BD23F000997FC /* SearchTestViewController.swift */,
				84BC9B4F208519DC0012AFC8 /* MapViewController.swift */,
			);
			path = Create;
			sourceTree = "<group>";
		};
		B0387A2D207FC59200B83A53 /* utils */ = {
			isa = PBXGroup;
			children = (
				84BC9B5E208539F60012AFC8 /* MapAlerts.swift */,
				B0387A2E207FC5A200B83A53 /* Logger.swift */,
				B0387A31207FC6D100B83A53 /* NotificationModel.swift */,
				B05EF993208BC4DC000997FC /* DefaultUser.swift */,
				845BC0802097AF70001D80D9 /* ErrorAlerts.swift */,
			);
			path = utils;
			sourceTree = "<group>";
		};
		B0387A30207FC5E200B83A53 /* auth */ = {
			isa = PBXGroup;
			children = (
				B0387A29207FC4FA00B83A53 /* AuthManager.swift */,
				B0387A27207FC4FA00B83A53 /* FirebaseUserAuth.swift */,
			);
			name = auth;
			path = "auth\\";
			sourceTree = "<group>";
		};
		B0387A35207FCFD000B83A53 /* db */ = {
			isa = PBXGroup;
			children = (
				84BC9B5620851A380012AFC8 /* FirebaseModel.swift */,
				84BC9B5520851A370012AFC8 /* TripModel.swift */,
				B0387A28207FC4FA00B83A53 /* TravellerUserModel.swift */,
				B0F7BC5C2081380200DCFD3D /* GroupModel.swift */,
				B0387A36207FCFE500B83A53 /* ImageFirebaseStorage.swift */,
				B0F7BC5A208133FD00DCFD3D /* FirebaseConverter.swift */,
			);
			path = db;
			sourceTree = "<group>";
		};
		B0387A3C207FE78500B83A53 /* viewControllers */ = {
			isa = PBXGroup;
			children = (
				B03CC708209DCBEF008F3FF0 /* popups */,
				B05EF98A208BB9A6000997FC /* nibs */,
				B0387A42207FE91E00B83A53 /* guide */,
				B0387A41207FE91500B83A53 /* traveller */,
				B0387A40207FE8C700B83A53 /* home */,
				B0387A3E207FE80400B83A53 /* sidemenu */,
				B0387A3D207FE78D00B83A53 /* auth */,
			);
			path = viewControllers;
			sourceTree = "<group>";
		};
		B0387A3D207FE78D00B83A53 /* auth */ = {
			isa = PBXGroup;
			children = (
				B0387A38207FD84300B83A53 /* FieldValidation.swift */,
				84F85C792067A9E4003E6652 /* WelcomeViewController.swift */,
				84F85C7B2067B2EB003E6652 /* SignupViewController.swift */,
				84F85C7D2067B829003E6652 /* LoginViewController.swift */,
			);
			path = auth;
			sourceTree = "<group>";
		};
		B0387A3E207FE80400B83A53 /* sidemenu */ = {
			isa = PBXGroup;
			children = (
				3659E84F20624DA100E116FB /* AudioRecorderViewController.swift */,
				84CB9074207770D500D15EC9 /* ContainerVC.swift */,
				84CB9073207770D400D15EC9 /* SideMenuVC.swift */,
				84CB9072207770D400D15EC9 /* MainVC.swift */,
			);
			path = sidemenu;
			sourceTree = "<group>";
		};
		B0387A40207FE8C700B83A53 /* home */ = {
			isa = PBXGroup;
			children = (
				B00C7988209B949900763A55 /* Create */,
				84BC9B51208519DD0012AFC8 /* TripsTableViewCell.swift */,
				84B336532078ED1F00A236E1 /* AllTripsTableViewController.swift */,
				84B336512078E66F00A236E1 /* MyTripsTableViewController.swift */,
				8457BDA5208B730500ED24B5 /* AllTripsTableViewCell.swift */,
				B05EF995208BC9CC000997FC /* Alerts.swift */,
			);
			path = home;
			sourceTree = "<group>";
		};
		B0387A41207FE91500B83A53 /* traveller */ = {
			isa = PBXGroup;
			children = (
				AC20B6412096043A004CF5B6 /* UsersListTableViewCell.swift */,
				AC20B6432096049A004CF5B6 /* UsersListTableViewController.swift */,
				AC05FBD020962A6C00DDFCA5 /* UserViewController.swift */,
			);
			path = traveller;
			sourceTree = "<group>";
		};
		B0387A42207FE91E00B83A53 /* guide */ = {
			isa = PBXGroup;
			children = (
				8498ED62205834C300728827 /* MapVC.swift */,
				B02DFF1A2092815C007631F0 /* GuideTabBarController.swift */,
			);
			path = guide;
			sourceTree = "<group>";
		};
		B03883D920869CE300D1F3F8 /* network */ = {
			isa = PBXGroup;
			children = (
				B0F3CD372087CBC40056B59C /* networkListenners */,
				B03883DA20869CF800D1F3F8 /* SendPacketBuilder.swift */,
				B03883DB20869CF800D1F3F8 /* TSocket.swift */,
				B0F3CD312087A0AA0056B59C /* ServerModel.swift */,
				B0F3CD332087A19A0056B59C /* ServerConfig.swift */,
				B0F3CD352087BF530056B59C /* ServerResponses.swift */,
			);
			name = network;
			path = "New Group1";
			sourceTree = "<group>";
		};
		B03CC708209DCBEF008F3FF0 /* popups */ = {
			isa = PBXGroup;
			children = (
				B03CC709209DCE54008F3FF0 /* ErrorPopupViewController.swift */,
			);
			path = popups;
			sourceTree = "<group>";
		};
		B05EF98A208BB9A6000997FC /* nibs */ = {
			isa = PBXGroup;
			children = (
				B05EF98B208BB9BF000997FC /* RTMap.swift */,
				B0A3681E209348F700A4571C /* MapAnnotationHolder.swift */,
			);
			path = nibs;
			sourceTree = "<group>";
		};
		B05EF98D208BB9C8000997FC /* nibs */ = {
			isa = PBXGroup;
			children = (
				B05EF98E208BB9F0000997FC /* RTMap.xib */,
			);
			path = nibs;
			sourceTree = "<group>";
		};
		B05EF990208BBB07000997FC /* extensions */ = {
			isa = PBXGroup;
			children = (
				B02DFF1820926B79007631F0 /* ViewController.swift */,
				B05EF991208BBB23000997FC /* NibLoader.swift */,
				B03CC70B209DE1F8008F3FF0 /* NavigationBar+Style.swift */,
			);
			path = extensions;
			sourceTree = "<group>";
		};
		B0C0C7D720908BCF007A8C1F /* views */ = {
			isa = PBXGroup;
			children = (
				B0C0C7DB20908C6B007A8C1F /* TDButton.swift */,
			);
			name = views;
			path = "New Group";
			sourceTree = "<group>";
		};
		B0F3CD372087CBC40056B59C /* networkListenners */ = {
			isa = PBXGroup;
			children = (
				B0F3CD382087CBE00056B59C /* MessageListener.swift */,
				B0F3CD3A2087CE0B0056B59C /* CoordinateListener.swift */,
			);
			path = networkListenners;
			sourceTree = "<group>";
		};
/* End PBXGroup section */

/* Begin PBXNativeTarget section */
		84AC8CB11FFE23A800AB9BF9 /* Traveller */ = {
			isa = PBXNativeTarget;
			buildConfigurationList = 84AC8CDA1FFE23A800AB9BF9 /* Build configuration list for PBXNativeTarget "Traveller" */;
			buildPhases = (
				031792D55A85ED4D27BF0CD4 /* [CP] Check Pods Manifest.lock */,
				84AC8CAE1FFE23A800AB9BF9 /* Sources */,
				84AC8CAF1FFE23A800AB9BF9 /* Frameworks */,
				84AC8CB01FFE23A800AB9BF9 /* Resources */,
				CB02AA067A40E1496D0A204B /* [CP] Embed Pods Frameworks */,
			);
			buildRules = (
			);
			dependencies = (
			);
			name = Traveller;
			productName = Traveller;
			productReference = 84AC8CB21FFE23A800AB9BF9 /* Traveller.app */;
			productType = "com.apple.product-type.application";
		};
		84AC8CC51FFE23A800AB9BF9 /* TravellerTests */ = {
			isa = PBXNativeTarget;
			buildConfigurationList = 84AC8CDD1FFE23A800AB9BF9 /* Build configuration list for PBXNativeTarget "TravellerTests" */;
			buildPhases = (
				A8FEE6F11C64FCCEAB135494 /* [CP] Check Pods Manifest.lock */,
				84AC8CC21FFE23A800AB9BF9 /* Sources */,
				84AC8CC31FFE23A800AB9BF9 /* Frameworks */,
				84AC8CC41FFE23A800AB9BF9 /* Resources */,
			);
			buildRules = (
			);
			dependencies = (
				84AC8CC81FFE23A800AB9BF9 /* PBXTargetDependency */,
			);
			name = TravellerTests;
			productName = TravellerTests;
			productReference = 84AC8CC61FFE23A800AB9BF9 /* TravellerTests.xctest */;
			productType = "com.apple.product-type.bundle.unit-test";
		};
		84AC8CD01FFE23A800AB9BF9 /* TravellerUITests */ = {
			isa = PBXNativeTarget;
			buildConfigurationList = 84AC8CE01FFE23A800AB9BF9 /* Build configuration list for PBXNativeTarget "TravellerUITests" */;
			buildPhases = (
				D2B19977358C8B0BB708C0D5 /* [CP] Check Pods Manifest.lock */,
				84AC8CCD1FFE23A800AB9BF9 /* Sources */,
				84AC8CCE1FFE23A800AB9BF9 /* Frameworks */,
				84AC8CCF1FFE23A800AB9BF9 /* Resources */,
			);
			buildRules = (
			);
			dependencies = (
				84AC8CD31FFE23A800AB9BF9 /* PBXTargetDependency */,
			);
			name = TravellerUITests;
			productName = TravellerUITests;
			productReference = 84AC8CD11FFE23A800AB9BF9 /* TravellerUITests.xctest */;
			productType = "com.apple.product-type.bundle.ui-testing";
		};
/* End PBXNativeTarget section */

/* Begin PBXProject section */
		84AC8CAA1FFE23A800AB9BF9 /* Project object */ = {
			isa = PBXProject;
			attributes = {
				LastSwiftUpdateCheck = 0900;
				LastUpgradeCheck = 0900;
				ORGANIZATIONNAME = Traveller52;
				TargetAttributes = {
					84AC8CB11FFE23A800AB9BF9 = {
						CreatedOnToolsVersion = 9.0;
						ProvisioningStyle = Automatic;
					};
					84AC8CC51FFE23A800AB9BF9 = {
						CreatedOnToolsVersion = 9.0;
						ProvisioningStyle = Automatic;
						TestTargetID = 84AC8CB11FFE23A800AB9BF9;
					};
					84AC8CD01FFE23A800AB9BF9 = {
						CreatedOnToolsVersion = 9.0;
						ProvisioningStyle = Automatic;
						TestTargetID = 84AC8CB11FFE23A800AB9BF9;
					};
				};
			};
			buildConfigurationList = 84AC8CAD1FFE23A800AB9BF9 /* Build configuration list for PBXProject "Traveller" */;
			compatibilityVersion = "Xcode 8.0";
			developmentRegion = en;
			hasScannedForEncodings = 0;
			knownRegions = (
				en,
				Base,
			);
			mainGroup = 84AC8CA91FFE23A800AB9BF9;
			productRefGroup = 84AC8CB31FFE23A800AB9BF9 /* Products */;
			projectDirPath = "";
			projectRoot = "";
			targets = (
				84AC8CB11FFE23A800AB9BF9 /* Traveller */,
				84AC8CC51FFE23A800AB9BF9 /* TravellerTests */,
				84AC8CD01FFE23A800AB9BF9 /* TravellerUITests */,
			);
		};
/* End PBXProject section */

/* Begin PBXResourcesBuildPhase section */
		84AC8CB01FFE23A800AB9BF9 /* Resources */ = {
			isa = PBXResourcesBuildPhase;
			buildActionMask = 2147483647;
			files = (
				84AC8CC01FFE23A800AB9BF9 /* LaunchScreen.storyboard in Resources */,
				B0387A3B207FE63F00B83A53 /* Home.storyboard in Resources */,
				AC21717E200E33280047BBF8 /* Auth.storyboard in Resources */,
				C10D72FD2068D5D1005818A5 /* SideMenu.storyboard in Resources */,
				3659E8522062537600E116FB /* AudioRecrdingTest.storyboard in Resources */,
				B05EF98F208BB9F0000997FC /* RTMap.xib in Resources */,
				C1CD94DB200E237500164EEF /* Main.storyboard in Resources */,
				B097B050208B55F000911BF9 /* GoogleService-Info.plist in Resources */,
				849BD54F20226D8800EBC02D /* Assets.xcassets in Resources */,
				B03CC707209DCBC2008F3FF0 /* Popups.storyboard in Resources */,
				849BD54C202263A800EBC02D /* TourGuideUI.storyboard in Resources */,
			);
			runOnlyForDeploymentPostprocessing = 0;
		};
		84AC8CC41FFE23A800AB9BF9 /* Resources */ = {
			isa = PBXResourcesBuildPhase;
			buildActionMask = 2147483647;
			files = (
			);
			runOnlyForDeploymentPostprocessing = 0;
		};
		84AC8CCF1FFE23A800AB9BF9 /* Resources */ = {
			isa = PBXResourcesBuildPhase;
			buildActionMask = 2147483647;
			files = (
			);
			runOnlyForDeploymentPostprocessing = 0;
		};
/* End PBXResourcesBuildPhase section */

/* Begin PBXShellScriptBuildPhase section */
		031792D55A85ED4D27BF0CD4 /* [CP] Check Pods Manifest.lock */ = {
			isa = PBXShellScriptBuildPhase;
			buildActionMask = 2147483647;
			files = (
			);
			inputPaths = (
				"${PODS_PODFILE_DIR_PATH}/Podfile.lock",
				"${PODS_ROOT}/Manifest.lock",
			);
			name = "[CP] Check Pods Manifest.lock";
			outputPaths = (
				"$(DERIVED_FILE_DIR)/Pods-Traveller-checkManifestLockResult.txt",
			);
			runOnlyForDeploymentPostprocessing = 0;
			shellPath = /bin/sh;
			shellScript = "diff \"${PODS_PODFILE_DIR_PATH}/Podfile.lock\" \"${PODS_ROOT}/Manifest.lock\" > /dev/null\nif [ $? != 0 ] ; then\n    # print error to STDERR\n    echo \"error: The sandbox is not in sync with the Podfile.lock. Run 'pod install' or update your CocoaPods installation.\" >&2\n    exit 1\nfi\n# This output is used by Xcode 'outputs' to avoid re-running this script phase.\necho \"SUCCESS\" > \"${SCRIPT_OUTPUT_FILE_0}\"\n";
			showEnvVarsInLog = 0;
		};
		A8FEE6F11C64FCCEAB135494 /* [CP] Check Pods Manifest.lock */ = {
			isa = PBXShellScriptBuildPhase;
			buildActionMask = 2147483647;
			files = (
			);
			inputPaths = (
				"${PODS_PODFILE_DIR_PATH}/Podfile.lock",
				"${PODS_ROOT}/Manifest.lock",
			);
			name = "[CP] Check Pods Manifest.lock";
			outputPaths = (
				"$(DERIVED_FILE_DIR)/Pods-TravellerTests-checkManifestLockResult.txt",
			);
			runOnlyForDeploymentPostprocessing = 0;
			shellPath = /bin/sh;
			shellScript = "diff \"${PODS_PODFILE_DIR_PATH}/Podfile.lock\" \"${PODS_ROOT}/Manifest.lock\" > /dev/null\nif [ $? != 0 ] ; then\n    # print error to STDERR\n    echo \"error: The sandbox is not in sync with the Podfile.lock. Run 'pod install' or update your CocoaPods installation.\" >&2\n    exit 1\nfi\n# This output is used by Xcode 'outputs' to avoid re-running this script phase.\necho \"SUCCESS\" > \"${SCRIPT_OUTPUT_FILE_0}\"\n";
			showEnvVarsInLog = 0;
		};
		CB02AA067A40E1496D0A204B /* [CP] Embed Pods Frameworks */ = {
			isa = PBXShellScriptBuildPhase;
			buildActionMask = 2147483647;
			files = (
			);
			inputPaths = (
				"${SRCROOT}/Pods/Target Support Files/Pods-Traveller/Pods-Traveller-frameworks.sh",
				"${BUILT_PRODUCTS_DIR}/GTMSessionFetcher/GTMSessionFetcher.framework",
				"${BUILT_PRODUCTS_DIR}/GoogleToolboxForMac/GoogleToolboxForMac.framework",
				"${BUILT_PRODUCTS_DIR}/RAMReel/RAMReel.framework",
				"${BUILT_PRODUCTS_DIR}/SwiftSocket/SwiftSocket.framework",
				"${BUILT_PRODUCTS_DIR}/TextFieldEffects/TextFieldEffects.framework",
				"${BUILT_PRODUCTS_DIR}/Toast-Swift/Toast_Swift.framework",
				"${BUILT_PRODUCTS_DIR}/leveldb-library/leveldb.framework",
				"${BUILT_PRODUCTS_DIR}/nanopb/nanopb.framework",
			);
			name = "[CP] Embed Pods Frameworks";
			outputPaths = (
				"${TARGET_BUILD_DIR}/${FRAMEWORKS_FOLDER_PATH}/GTMSessionFetcher.framework",
				"${TARGET_BUILD_DIR}/${FRAMEWORKS_FOLDER_PATH}/GoogleToolboxForMac.framework",
				"${TARGET_BUILD_DIR}/${FRAMEWORKS_FOLDER_PATH}/RAMReel.framework",
				"${TARGET_BUILD_DIR}/${FRAMEWORKS_FOLDER_PATH}/SwiftSocket.framework",
				"${TARGET_BUILD_DIR}/${FRAMEWORKS_FOLDER_PATH}/TextFieldEffects.framework",
				"${TARGET_BUILD_DIR}/${FRAMEWORKS_FOLDER_PATH}/Toast_Swift.framework",
				"${TARGET_BUILD_DIR}/${FRAMEWORKS_FOLDER_PATH}/leveldb.framework",
				"${TARGET_BUILD_DIR}/${FRAMEWORKS_FOLDER_PATH}/nanopb.framework",
			);
			runOnlyForDeploymentPostprocessing = 0;
			shellPath = /bin/sh;
			shellScript = "\"${SRCROOT}/Pods/Target Support Files/Pods-Traveller/Pods-Traveller-frameworks.sh\"\n";
			showEnvVarsInLog = 0;
		};
		D2B19977358C8B0BB708C0D5 /* [CP] Check Pods Manifest.lock */ = {
			isa = PBXShellScriptBuildPhase;
			buildActionMask = 2147483647;
			files = (
			);
			inputPaths = (
				"${PODS_PODFILE_DIR_PATH}/Podfile.lock",
				"${PODS_ROOT}/Manifest.lock",
			);
			name = "[CP] Check Pods Manifest.lock";
			outputPaths = (
				"$(DERIVED_FILE_DIR)/Pods-TravellerUITests-checkManifestLockResult.txt",
			);
			runOnlyForDeploymentPostprocessing = 0;
			shellPath = /bin/sh;
			shellScript = "diff \"${PODS_PODFILE_DIR_PATH}/Podfile.lock\" \"${PODS_ROOT}/Manifest.lock\" > /dev/null\nif [ $? != 0 ] ; then\n    # print error to STDERR\n    echo \"error: The sandbox is not in sync with the Podfile.lock. Run 'pod install' or update your CocoaPods installation.\" >&2\n    exit 1\nfi\n# This output is used by Xcode 'outputs' to avoid re-running this script phase.\necho \"SUCCESS\" > \"${SCRIPT_OUTPUT_FILE_0}\"\n";
			showEnvVarsInLog = 0;
		};
/* End PBXShellScriptBuildPhase section */

/* Begin PBXSourcesBuildPhase section */
		84AC8CAE1FFE23A800AB9BF9 /* Sources */ = {
			isa = PBXSourcesBuildPhase;
			buildActionMask = 2147483647;
			files = (
				84BC9B54208519DD0012AFC8 /* TripsTableViewCell.swift in Sources */,
				845BC0812097AF70001D80D9 /* ErrorAlerts.swift in Sources */,
				84BC9B5F208539F70012AFC8 /* MapAlerts.swift in Sources */,
				B0A36821209349EC00A4571C /* UserType.swift in Sources */,
				B0F3CD362087BF530056B59C /* ServerResponses.swift in Sources */,
				B0387A2F207FC5A200B83A53 /* Logger.swift in Sources */,
				AC05FBD120962A6C00DDFCA5 /* UserViewController.swift in Sources */,
				84BC9B5720851A380012AFC8 /* TripModel.swift in Sources */,
				84CB9077207770D500D15EC9 /* ContainerVC.swift in Sources */,
				B02DFF1920926B79007631F0 /* ViewController.swift in Sources */,
				84BC9B5D20851DC70012AFC8 /* MinimumDistanceCalculator.swift in Sources */,
				84CB907B2077904400D15EC9 /* CreateTripViewController.swift in Sources */,
				B0F3CD392087CBE00056B59C /* MessageListener.swift in Sources */,
				B05EF996208BC9CC000997FC /* Alerts.swift in Sources */,
				B0387A32207FC6D100B83A53 /* NotificationModel.swift in Sources */,
				8457BDA6208B730500ED24B5 /* AllTripsTableViewCell.swift in Sources */,
				B0387A37207FCFE500B83A53 /* ImageFirebaseStorage.swift in Sources */,
				84BC9B53208519DD0012AFC8 /* MyMapView.swift in Sources */,
				84F85C7E2067B829003E6652 /* LoginViewController.swift in Sources */,
				84F85C7C2067B2EB003E6652 /* SignupViewController.swift in Sources */,
				B05EF98C208BB9BF000997FC /* RTMap.swift in Sources */,
				84BC9B5C20851DC70012AFC8 /* Algo.swift in Sources */,
				84F85C7A2067A9E4003E6652 /* WelcomeViewController.swift in Sources */,
				B0DAFB43209BA17000E1ED04 /* FieldValidation.swift in Sources */,
				B03883DC20869CF800D1F3F8 /* SendPacketBuilder.swift in Sources */,
				B0F3CD3B2087CE0B0056B59C /* CoordinateListener.swift in Sources */,
				30EC2C5F2006198D0065FA2A /* Position.swift in Sources */,
				B03883DD20869CF800D1F3F8 /* TSocket.swift in Sources */,
				B0F7BC5B208133FD00DCFD3D /* FirebaseConverter.swift in Sources */,
				B05EF99A208BD23F000997FC /* SearchTestViewController.swift in Sources */,
				B02DFF1B2092815C007631F0 /* GuideTabBarController.swift in Sources */,
				B0C0C7DC20908C6B007A8C1F /* TDButton.swift in Sources */,
				3659E85020624DA100E116FB /* AudioRecorderViewController.swift in Sources */,
				8498ED63205834C300728827 /* MapVC.swift in Sources */,
				B05EF992208BBB23000997FC /* NibLoader.swift in Sources */,
				B0A3681F209348F700A4571C /* MapAnnotationHolder.swift in Sources */,
				84B336542078ED1F00A236E1 /* AllTripsTableViewController.swift in Sources */,
				B05EF994208BC4DC000997FC /* DefaultUser.swift in Sources */,
				84CB9079207785BF00D15EC9 /* Trip.swift in Sources */,
				B0F3CD342087A19A0056B59C /* ServerConfig.swift in Sources */,
				AC20B6422096043A004CF5B6 /* UsersListTableViewCell.swift in Sources */,
				3065D47E20552E2E0057EA94 /* TravellerUser.swift in Sources */,
				AC20B6442096049A004CF5B6 /* UsersListTableViewController.swift in Sources */,
				84BC9B5820851A380012AFC8 /* FirebaseModel.swift in Sources */,
				84CB9076207770D500D15EC9 /* SideMenuVC.swift in Sources */,
				B0387A2C207FC4FA00B83A53 /* AuthManager.swift in Sources */,
				84B336522078E66F00A236E1 /* MyTripsTableViewController.swift in Sources */,
				B03CC70C209DE1F8008F3FF0 /* NavigationBar+Style.swift in Sources */,
				B0F7BC5D2081380200DCFD3D /* GroupModel.swift in Sources */,
				84AC8CB61FFE23A800AB9BF9 /* AppDelegate.swift in Sources */,
				AC6CF6FB2055517D0095C0B5 /* Group.swift in Sources */,
				B0F3CD322087A0AA0056B59C /* ServerModel.swift in Sources */,
				84BC9B6020853DBC0012AFC8 /* TravellerUserModel.swift in Sources */,
				B0387A2A207FC4FA00B83A53 /* FirebaseUserAuth.swift in Sources */,
				84CB9075207770D500D15EC9 /* MainVC.swift in Sources */,
				B03CC70A209DCE54008F3FF0 /* ErrorPopupViewController.swift in Sources */,
				84BC9B52208519DD0012AFC8 /* MapViewController.swift in Sources */,
			);
			runOnlyForDeploymentPostprocessing = 0;
		};
		84AC8CC21FFE23A800AB9BF9 /* Sources */ = {
			isa = PBXSourcesBuildPhase;
			buildActionMask = 2147483647;
			files = (
				84AC8CCB1FFE23A800AB9BF9 /* TravellerTests.swift in Sources */,
			);
			runOnlyForDeploymentPostprocessing = 0;
		};
		84AC8CCD1FFE23A800AB9BF9 /* Sources */ = {
			isa = PBXSourcesBuildPhase;
			buildActionMask = 2147483647;
			files = (
				84AC8CD61FFE23A800AB9BF9 /* TravellerUITests.swift in Sources */,
			);
			runOnlyForDeploymentPostprocessing = 0;
		};
/* End PBXSourcesBuildPhase section */

/* Begin PBXTargetDependency section */
		84AC8CC81FFE23A800AB9BF9 /* PBXTargetDependency */ = {
			isa = PBXTargetDependency;
			target = 84AC8CB11FFE23A800AB9BF9 /* Traveller */;
			targetProxy = 84AC8CC71FFE23A800AB9BF9 /* PBXContainerItemProxy */;
		};
		84AC8CD31FFE23A800AB9BF9 /* PBXTargetDependency */ = {
			isa = PBXTargetDependency;
			target = 84AC8CB11FFE23A800AB9BF9 /* Traveller */;
			targetProxy = 84AC8CD21FFE23A800AB9BF9 /* PBXContainerItemProxy */;
		};
/* End PBXTargetDependency section */

/* Begin PBXVariantGroup section */
		84AC8CBE1FFE23A800AB9BF9 /* LaunchScreen.storyboard */ = {
			isa = PBXVariantGroup;
			children = (
				84AC8CBF1FFE23A800AB9BF9 /* Base */,
			);
			name = LaunchScreen.storyboard;
			sourceTree = "<group>";
		};
/* End PBXVariantGroup section */

/* Begin XCBuildConfiguration section */
		84AC8CD81FFE23A800AB9BF9 /* Debug */ = {
			isa = XCBuildConfiguration;
			buildSettings = {
				ALWAYS_SEARCH_USER_PATHS = NO;
				CLANG_ANALYZER_NONNULL = YES;
				CLANG_ANALYZER_NUMBER_OBJECT_CONVERSION = YES_AGGRESSIVE;
				CLANG_CXX_LANGUAGE_STANDARD = "gnu++14";
				CLANG_CXX_LIBRARY = "libc++";
				CLANG_ENABLE_MODULES = YES;
				CLANG_ENABLE_OBJC_ARC = YES;
				CLANG_WARN_BLOCK_CAPTURE_AUTORELEASING = YES;
				CLANG_WARN_BOOL_CONVERSION = YES;
				CLANG_WARN_COMMA = YES;
				CLANG_WARN_CONSTANT_CONVERSION = YES;
				CLANG_WARN_DIRECT_OBJC_ISA_USAGE = YES_ERROR;
				CLANG_WARN_DOCUMENTATION_COMMENTS = YES;
				CLANG_WARN_EMPTY_BODY = YES;
				CLANG_WARN_ENUM_CONVERSION = YES;
				CLANG_WARN_INFINITE_RECURSION = YES;
				CLANG_WARN_INT_CONVERSION = YES;
				CLANG_WARN_NON_LITERAL_NULL_CONVERSION = YES;
				CLANG_WARN_OBJC_LITERAL_CONVERSION = YES;
				CLANG_WARN_OBJC_ROOT_CLASS = YES_ERROR;
				CLANG_WARN_RANGE_LOOP_ANALYSIS = YES;
				CLANG_WARN_STRICT_PROTOTYPES = YES;
				CLANG_WARN_SUSPICIOUS_MOVE = YES;
				CLANG_WARN_UNGUARDED_AVAILABILITY = YES_AGGRESSIVE;
				CLANG_WARN_UNREACHABLE_CODE = YES;
				CLANG_WARN__DUPLICATE_METHOD_MATCH = YES;
				CODE_SIGN_IDENTITY = "iPhone Developer";
				COPY_PHASE_STRIP = NO;
				DEBUG_INFORMATION_FORMAT = dwarf;
				ENABLE_STRICT_OBJC_MSGSEND = YES;
				ENABLE_TESTABILITY = YES;
				GCC_C_LANGUAGE_STANDARD = gnu11;
				GCC_DYNAMIC_NO_PIC = NO;
				GCC_NO_COMMON_BLOCKS = YES;
				GCC_OPTIMIZATION_LEVEL = 0;
				GCC_PREPROCESSOR_DEFINITIONS = (
					"DEBUG=1",
					"$(inherited)",
				);
				GCC_WARN_64_TO_32_BIT_CONVERSION = YES;
				GCC_WARN_ABOUT_RETURN_TYPE = YES_ERROR;
				GCC_WARN_UNDECLARED_SELECTOR = YES;
				GCC_WARN_UNINITIALIZED_AUTOS = YES_AGGRESSIVE;
				GCC_WARN_UNUSED_FUNCTION = YES;
				GCC_WARN_UNUSED_VARIABLE = YES;
				IPHONEOS_DEPLOYMENT_TARGET = 11.0;
				MTL_ENABLE_DEBUG_INFO = YES;
				ONLY_ACTIVE_ARCH = YES;
				SDKROOT = iphoneos;
				SWIFT_ACTIVE_COMPILATION_CONDITIONS = DEBUG;
				SWIFT_OPTIMIZATION_LEVEL = "-Onone";
			};
			name = Debug;
		};
		84AC8CD91FFE23A800AB9BF9 /* Release */ = {
			isa = XCBuildConfiguration;
			buildSettings = {
				ALWAYS_SEARCH_USER_PATHS = NO;
				CLANG_ANALYZER_NONNULL = YES;
				CLANG_ANALYZER_NUMBER_OBJECT_CONVERSION = YES_AGGRESSIVE;
				CLANG_CXX_LANGUAGE_STANDARD = "gnu++14";
				CLANG_CXX_LIBRARY = "libc++";
				CLANG_ENABLE_MODULES = YES;
				CLANG_ENABLE_OBJC_ARC = YES;
				CLANG_WARN_BLOCK_CAPTURE_AUTORELEASING = YES;
				CLANG_WARN_BOOL_CONVERSION = YES;
				CLANG_WARN_COMMA = YES;
				CLANG_WARN_CONSTANT_CONVERSION = YES;
				CLANG_WARN_DIRECT_OBJC_ISA_USAGE = YES_ERROR;
				CLANG_WARN_DOCUMENTATION_COMMENTS = YES;
				CLANG_WARN_EMPTY_BODY = YES;
				CLANG_WARN_ENUM_CONVERSION = YES;
				CLANG_WARN_INFINITE_RECURSION = YES;
				CLANG_WARN_INT_CONVERSION = YES;
				CLANG_WARN_NON_LITERAL_NULL_CONVERSION = YES;
				CLANG_WARN_OBJC_LITERAL_CONVERSION = YES;
				CLANG_WARN_OBJC_ROOT_CLASS = YES_ERROR;
				CLANG_WARN_RANGE_LOOP_ANALYSIS = YES;
				CLANG_WARN_STRICT_PROTOTYPES = YES;
				CLANG_WARN_SUSPICIOUS_MOVE = YES;
				CLANG_WARN_UNGUARDED_AVAILABILITY = YES_AGGRESSIVE;
				CLANG_WARN_UNREACHABLE_CODE = YES;
				CLANG_WARN__DUPLICATE_METHOD_MATCH = YES;
				CODE_SIGN_IDENTITY = "iPhone Developer";
				COPY_PHASE_STRIP = NO;
				DEBUG_INFORMATION_FORMAT = "dwarf-with-dsym";
				ENABLE_NS_ASSERTIONS = NO;
				ENABLE_STRICT_OBJC_MSGSEND = YES;
				GCC_C_LANGUAGE_STANDARD = gnu11;
				GCC_NO_COMMON_BLOCKS = YES;
				GCC_WARN_64_TO_32_BIT_CONVERSION = YES;
				GCC_WARN_ABOUT_RETURN_TYPE = YES_ERROR;
				GCC_WARN_UNDECLARED_SELECTOR = YES;
				GCC_WARN_UNINITIALIZED_AUTOS = YES_AGGRESSIVE;
				GCC_WARN_UNUSED_FUNCTION = YES;
				GCC_WARN_UNUSED_VARIABLE = YES;
				IPHONEOS_DEPLOYMENT_TARGET = 11.0;
				MTL_ENABLE_DEBUG_INFO = NO;
				SDKROOT = iphoneos;
				SWIFT_OPTIMIZATION_LEVEL = "-Owholemodule";
				VALIDATE_PRODUCT = YES;
			};
			name = Release;
		};
		84AC8CDB1FFE23A800AB9BF9 /* Debug */ = {
			isa = XCBuildConfiguration;
			baseConfigurationReference = C382E509764CF5FF340F7980 /* Pods-Traveller.debug.xcconfig */;
			buildSettings = {
				ASSETCATALOG_COMPILER_APPICON_NAME = AppIcon;
				CODE_SIGN_STYLE = Automatic;
				DEVELOPMENT_TEAM = 3C854CZ2G2;
				INFOPLIST_FILE = Traveller/Info.plist;
				IPHONEOS_DEPLOYMENT_TARGET = 10.3;
				LD_RUNPATH_SEARCH_PATHS = "$(inherited) @executable_path/Frameworks";
				PRODUCT_BUNDLE_IDENTIFIER = com.Traveller52.Traveller;
				PRODUCT_NAME = "$(TARGET_NAME)";
				SWIFT_VERSION = 4.0;
				TARGETED_DEVICE_FAMILY = "1,2";
			};
			name = Debug;
		};
		84AC8CDC1FFE23A800AB9BF9 /* Release */ = {
			isa = XCBuildConfiguration;
			baseConfigurationReference = 58FCB9CAB13EDB20CB716E51 /* Pods-Traveller.release.xcconfig */;
			buildSettings = {
				ASSETCATALOG_COMPILER_APPICON_NAME = AppIcon;
				CODE_SIGN_STYLE = Automatic;
				DEVELOPMENT_TEAM = 3C854CZ2G2;
				INFOPLIST_FILE = Traveller/Info.plist;
				IPHONEOS_DEPLOYMENT_TARGET = 10.3;
				LD_RUNPATH_SEARCH_PATHS = "$(inherited) @executable_path/Frameworks";
				PRODUCT_BUNDLE_IDENTIFIER = com.Traveller52.Traveller;
				PRODUCT_NAME = "$(TARGET_NAME)";
				SWIFT_VERSION = 4.0;
				TARGETED_DEVICE_FAMILY = "1,2";
			};
			name = Release;
		};
		84AC8CDE1FFE23A800AB9BF9 /* Debug */ = {
			isa = XCBuildConfiguration;
			baseConfigurationReference = 890D3CA551821974E400867C /* Pods-TravellerTests.debug.xcconfig */;
			buildSettings = {
				ALWAYS_EMBED_SWIFT_STANDARD_LIBRARIES = YES;
				BUNDLE_LOADER = "$(TEST_HOST)";
				CODE_SIGN_STYLE = Automatic;
				INFOPLIST_FILE = TravellerTests/Info.plist;
				LD_RUNPATH_SEARCH_PATHS = "$(inherited) @executable_path/Frameworks @loader_path/Frameworks";
				PRODUCT_BUNDLE_IDENTIFIER = com.Traveller52.TravellerTests;
				PRODUCT_NAME = "$(TARGET_NAME)";
				SWIFT_VERSION = 4.0;
				TARGETED_DEVICE_FAMILY = "1,2";
				TEST_HOST = "$(BUILT_PRODUCTS_DIR)/Traveller.app/Traveller";
			};
			name = Debug;
		};
		84AC8CDF1FFE23A800AB9BF9 /* Release */ = {
			isa = XCBuildConfiguration;
			baseConfigurationReference = 027FD91F11404A1421F865CB /* Pods-TravellerTests.release.xcconfig */;
			buildSettings = {
				ALWAYS_EMBED_SWIFT_STANDARD_LIBRARIES = YES;
				BUNDLE_LOADER = "$(TEST_HOST)";
				CODE_SIGN_STYLE = Automatic;
				INFOPLIST_FILE = TravellerTests/Info.plist;
				LD_RUNPATH_SEARCH_PATHS = "$(inherited) @executable_path/Frameworks @loader_path/Frameworks";
				PRODUCT_BUNDLE_IDENTIFIER = com.Traveller52.TravellerTests;
				PRODUCT_NAME = "$(TARGET_NAME)";
				SWIFT_VERSION = 4.0;
				TARGETED_DEVICE_FAMILY = "1,2";
				TEST_HOST = "$(BUILT_PRODUCTS_DIR)/Traveller.app/Traveller";
			};
			name = Release;
		};
		84AC8CE11FFE23A800AB9BF9 /* Debug */ = {
			isa = XCBuildConfiguration;
			baseConfigurationReference = AF51120EF5002DC2299BFC5C /* Pods-TravellerUITests.debug.xcconfig */;
			buildSettings = {
				ALWAYS_EMBED_SWIFT_STANDARD_LIBRARIES = YES;
				CODE_SIGN_STYLE = Automatic;
				INFOPLIST_FILE = TravellerUITests/Info.plist;
				LD_RUNPATH_SEARCH_PATHS = "$(inherited) @executable_path/Frameworks @loader_path/Frameworks";
				PRODUCT_BUNDLE_IDENTIFIER = com.Traveller52.TravellerUITests;
				PRODUCT_NAME = "$(TARGET_NAME)";
				SWIFT_VERSION = 4.0;
				TARGETED_DEVICE_FAMILY = "1,2";
				TEST_TARGET_NAME = Traveller;
			};
			name = Debug;
		};
		84AC8CE21FFE23A800AB9BF9 /* Release */ = {
			isa = XCBuildConfiguration;
			baseConfigurationReference = 856531A0451EBCCE8DC6E703 /* Pods-TravellerUITests.release.xcconfig */;
			buildSettings = {
				ALWAYS_EMBED_SWIFT_STANDARD_LIBRARIES = YES;
				CODE_SIGN_STYLE = Automatic;
				INFOPLIST_FILE = TravellerUITests/Info.plist;
				LD_RUNPATH_SEARCH_PATHS = "$(inherited) @executable_path/Frameworks @loader_path/Frameworks";
				PRODUCT_BUNDLE_IDENTIFIER = com.Traveller52.TravellerUITests;
				PRODUCT_NAME = "$(TARGET_NAME)";
				SWIFT_VERSION = 4.0;
				TARGETED_DEVICE_FAMILY = "1,2";
				TEST_TARGET_NAME = Traveller;
			};
			name = Release;
		};
/* End XCBuildConfiguration section */

/* Begin XCConfigurationList section */
		84AC8CAD1FFE23A800AB9BF9 /* Build configuration list for PBXProject "Traveller" */ = {
			isa = XCConfigurationList;
			buildConfigurations = (
				84AC8CD81FFE23A800AB9BF9 /* Debug */,
				84AC8CD91FFE23A800AB9BF9 /* Release */,
			);
			defaultConfigurationIsVisible = 0;
			defaultConfigurationName = Release;
		};
		84AC8CDA1FFE23A800AB9BF9 /* Build configuration list for PBXNativeTarget "Traveller" */ = {
			isa = XCConfigurationList;
			buildConfigurations = (
				84AC8CDB1FFE23A800AB9BF9 /* Debug */,
				84AC8CDC1FFE23A800AB9BF9 /* Release */,
			);
			defaultConfigurationIsVisible = 0;
			defaultConfigurationName = Release;
		};
		84AC8CDD1FFE23A800AB9BF9 /* Build configuration list for PBXNativeTarget "TravellerTests" */ = {
			isa = XCConfigurationList;
			buildConfigurations = (
				84AC8CDE1FFE23A800AB9BF9 /* Debug */,
				84AC8CDF1FFE23A800AB9BF9 /* Release */,
			);
			defaultConfigurationIsVisible = 0;
			defaultConfigurationName = Release;
		};
		84AC8CE01FFE23A800AB9BF9 /* Build configuration list for PBXNativeTarget "TravellerUITests" */ = {
			isa = XCConfigurationList;
			buildConfigurations = (
				84AC8CE11FFE23A800AB9BF9 /* Debug */,
				84AC8CE21FFE23A800AB9BF9 /* Release */,
			);
			defaultConfigurationIsVisible = 0;
			defaultConfigurationName = Release;
		};
/* End XCConfigurationList section */
	};
	rootObject = 84AC8CAA1FFE23A800AB9BF9 /* Project object */;
}
